
Microsoft Visual Studio Solution File, Format Version 11.00
# Visual Studio 2010
Project("{FAE04EC0-301F-11D3-BF4B-00C04F79EFBC}") = "Assembly-CSharp", "Assembly-CSharp.csproj", "{3077d369-3d08-96d6-56dd-b37365611485}"
EndProject
Project("{FAE04EC0-301F-11D3-BF4B-00C04F79EFBC}") = "Assembly-CSharp-Editor", "Assembly-CSharp-Editor.csproj", "{d40938ab-9569-f098-f771-7c70aebbb1dc}"
EndProject
Global
	GlobalSection(SolutionConfigurationPlatforms) = preSolution
		Debug|Any CPU = Debug|Any CPU
	EndGlobalSection
	GlobalSection(ProjectConfigurationPlatforms) = postSolution
		{3077d369-3d08-96d6-56dd-b37365611485}.Debug|Any CPU.ActiveCfg = Debug|Any CPU
		{3077d369-3d08-96d6-56dd-b37365611485}.Debug|Any CPU.Build.0 = Debug|Any CPU
		{d40938ab-9569-f098-f771-7c70aebbb1dc}.Debug|Any CPU.ActiveCfg = Debug|Any CPU
		{d40938ab-9569-f098-f771-7c70aebbb1dc}.Debug|Any CPU.Build.0 = Debug|Any CPU
	EndGlobalSection
	GlobalSection(SolutionProperties) = preSolution
		HideSolutionNode = FALSE
	EndGlobalSection
EndGlobal
